
Microsoft Visual Studio Solution File, Format Version 12.00
# Visual Studio 2013
VisualStudioVersion = 12.0.31101.0
MinimumVisualStudioVersion = 10.0.40219.1
Project("{FAE04EC0-301F-11D3-BF4B-00C04F79EFBC}") = "GoSimple.Messaging", "Messaging\GoSimple.Messaging.csproj", "{421EC341-1FAE-4CE3-9CA2-3848BC899266}"
EndProject
Project("{FAE04EC0-301F-11D3-BF4B-00C04F79EFBC}") = "GoSimple.Messaging.RabbitMQ", "..\RabbitMQ\GoSimple.Messaging.RabbitMQ.csproj", "{5BCCA32B-2548-4560-8431-FC86A93393DB}"
EndProject
Project("{FAE04EC0-301F-11D3-BF4B-00C04F79EFBC}") = "GoSimple.Messaing.Test", "..\Test\ClassLibrary1\GoSimple.Messaing.Test.csproj", "{D0F295BA-A487-46BF-9CD8-0F7BBBAFC207}"
EndProject
Project("{FAE04EC0-301F-11D3-BF4B-00C04F79EFBC}") = "GoSimple.Messaging.InMemory", "..\InMemory\GoSimple.Messaging.InMemory.csproj", "{4A425C4E-932D-4312-A276-0B8229018809}"
EndProject
Global
	GlobalSection(SolutionConfigurationPlatforms) = preSolution
		Debug|Any CPU = Debug|Any CPU
		Release|Any CPU = Release|Any CPU
	EndGlobalSection
	GlobalSection(ProjectConfigurationPlatforms) = postSolution
		{421EC341-1FAE-4CE3-9CA2-3848BC899266}.Debug|Any CPU.ActiveCfg = Debug|Any CPU
		{421EC341-1FAE-4CE3-9CA2-3848BC899266}.Debug|Any CPU.Build.0 = Debug|Any CPU
		{421EC341-1FAE-4CE3-9CA2-3848BC899266}.Release|Any CPU.ActiveCfg = Release|Any CPU
		{421EC341-1FAE-4CE3-9CA2-3848BC899266}.Release|Any CPU.Build.0 = Release|Any CPU
		{5BCCA32B-2548-4560-8431-FC86A93393DB}.Debug|Any CPU.ActiveCfg = Debug|Any CPU
		{5BCCA32B-2548-4560-8431-FC86A93393DB}.Debug|Any CPU.Build.0 = Debug|Any CPU
		{5BCCA32B-2548-4560-8431-FC86A93393DB}.Release|Any CPU.ActiveCfg = Release|Any CPU
		{5BCCA32B-2548-4560-8431-FC86A93393DB}.Release|Any CPU.Build.0 = Release|Any CPU
		{D0F295BA-A487-46BF-9CD8-0F7BBBAFC207}.Debug|Any CPU.ActiveCfg = Debug|Any CPU
		{D0F295BA-A487-46BF-9CD8-0F7BBBAFC207}.Debug|Any CPU.Build.0 = Debug|Any CPU
		{D0F295BA-A487-46BF-9CD8-0F7BBBAFC207}.Release|Any CPU.ActiveCfg = Release|Any CPU
		{D0F295BA-A487-46BF-9CD8-0F7BBBAFC207}.Release|Any CPU.Build.0 = Release|Any CPU
		{4A425C4E-932D-4312-A276-0B8229018809}.Debug|Any CPU.ActiveCfg = Debug|Any CPU
		{4A425C4E-932D-4312-A276-0B8229018809}.Debug|Any CPU.Build.0 = Debug|Any CPU
		{4A425C4E-932D-4312-A276-0B8229018809}.Release|Any CPU.ActiveCfg = Release|Any CPU
		{4A425C4E-932D-4312-A276-0B8229018809}.Release|Any CPU.Build.0 = Release|Any CPU
	EndGlobalSection
	GlobalSection(SolutionProperties) = preSolution
		HideSolutionNode = FALSE
	EndGlobalSection
EndGlobal
